
Microsoft Visual Studio Solution File, Format Version 12.00
# Visual Studio Version 16
VisualStudioVersion = 16.0.31005.135
MinimumVisualStudioVersion = 10.0.40219.1
Project("{C9674DCB-5085-4A16-B785-4C70DD1589BD}") = "Import SBA Data", "Import SBA Data.dtproj", "{53B3E570-9648-4848-AE7D-44A0E9845CF3}"
EndProject
Global
	GlobalSection(SolutionConfigurationPlatforms) = preSolution
		Development|Default = Development|Default
	EndGlobalSection
	GlobalSection(ProjectConfigurationPlatforms) = postSolution
		{53B3E570-9648-4848-AE7D-44A0E9845CF3}.Development|Default.ActiveCfg = Development
		{53B3E570-9648-4848-AE7D-44A0E9845CF3}.Development|Default.Build.0 = Development
	EndGlobalSection
	GlobalSection(SolutionProperties) = preSolution
		HideSolutionNode = FALSE
	EndGlobalSection
	GlobalSection(ExtensibilityGlobals) = postSolution
		SolutionGuid = {052EBBAA-6FC0-4D26-96CF-77FFBEA2C011}
	EndGlobalSection
EndGlobal
